
Microsoft Visual Studio Solution File, Format Version 12.00
# Visual Studio Version 17
VisualStudioVersion = 17.4.33205.214
MinimumVisualStudioVersion = 10.0.40219.1
Project("{FAE04EC0-301F-11D3-BF4B-00C04F79EFBC}") = "Client", "Client\Client.csproj", "{E061B499-A527-4059-836C-8A38D219F1B2}"
EndProject
Project("{FAE04EC0-301F-11D3-BF4B-00C04F79EFBC}") = "Server", "Server\Server.csproj", "{36312590-2146-4D02-9615-C53C06CA4FE8}"
EndProject
Global
	GlobalSection(SolutionConfigurationPlatforms) = preSolution
		Debug|Any CPU = Debug|Any CPU
		Release|Any CPU = Release|Any CPU
	EndGlobalSection
	GlobalSection(ProjectConfigurationPlatforms) = postSolution
		{E061B499-A527-4059-836C-8A38D219F1B2}.Debug|Any CPU.ActiveCfg = Debug|Any CPU
		{E061B499-A527-4059-836C-8A38D219F1B2}.Debug|Any CPU.Build.0 = Debug|Any CPU
		{E061B499-A527-4059-836C-8A38D219F1B2}.Release|Any CPU.ActiveCfg = Release|Any CPU
		{E061B499-A527-4059-836C-8A38D219F1B2}.Release|Any CPU.Build.0 = Release|Any CPU
		{36312590-2146-4D02-9615-C53C06CA4FE8}.Debug|Any CPU.ActiveCfg = Debug|Any CPU
		{36312590-2146-4D02-9615-C53C06CA4FE8}.Debug|Any CPU.Build.0 = Debug|Any CPU
		{36312590-2146-4D02-9615-C53C06CA4FE8}.Release|Any CPU.ActiveCfg = Release|Any CPU
		{36312590-2146-4D02-9615-C53C06CA4FE8}.Release|Any CPU.Build.0 = Release|Any CPU
	EndGlobalSection
	GlobalSection(SolutionProperties) = preSolution
		HideSolutionNode = FALSE
	EndGlobalSection
	GlobalSection(ExtensibilityGlobals) = postSolution
		SolutionGuid = {0C06CC23-3163-455C-A50C-37575A54C37E}
	EndGlobalSection
EndGlobal
